
Microsoft Visual Studio Solution File, Format Version 12.00
Project("{FAE04EC0-301F-11D3-BF4B-00C04F79EFBC}") = "Test.WebApi", "Test.WebApi\Test.WebApi.csproj", "{B5DEB686-1D52-4BD4-BFB4-92B626A746A0}"
EndProject
Project("{FAE04EC0-301F-11D3-BF4B-00C04F79EFBC}") = "Test.BusinessTier", "Test.BusinessTier\Test.BusinessTier.csproj", "{F5F54374-1991-4617-AD0D-DA9B9F5307E2}"
EndProject
Project("{FAE04EC0-301F-11D3-BF4B-00C04F79EFBC}") = "Test.DataTier", "Test.DataTier\Test.DataTier.csproj", "{471959F0-2910-4AFB-894A-251E8144833C}"
EndProject
Global
	GlobalSection(SolutionConfigurationPlatforms) = preSolution
		Debug|Any CPU = Debug|Any CPU
		Release|Any CPU = Release|Any CPU
	EndGlobalSection
	GlobalSection(ProjectConfigurationPlatforms) = postSolution
		{B5DEB686-1D52-4BD4-BFB4-92B626A746A0}.Debug|Any CPU.ActiveCfg = Debug|Any CPU
		{B5DEB686-1D52-4BD4-BFB4-92B626A746A0}.Debug|Any CPU.Build.0 = Debug|Any CPU
		{B5DEB686-1D52-4BD4-BFB4-92B626A746A0}.Release|Any CPU.ActiveCfg = Release|Any CPU
		{B5DEB686-1D52-4BD4-BFB4-92B626A746A0}.Release|Any CPU.Build.0 = Release|Any CPU
		{F5F54374-1991-4617-AD0D-DA9B9F5307E2}.Debug|Any CPU.ActiveCfg = Debug|Any CPU
		{F5F54374-1991-4617-AD0D-DA9B9F5307E2}.Debug|Any CPU.Build.0 = Debug|Any CPU
		{F5F54374-1991-4617-AD0D-DA9B9F5307E2}.Release|Any CPU.ActiveCfg = Release|Any CPU
		{F5F54374-1991-4617-AD0D-DA9B9F5307E2}.Release|Any CPU.Build.0 = Release|Any CPU
		{471959F0-2910-4AFB-894A-251E8144833C}.Debug|Any CPU.ActiveCfg = Debug|Any CPU
		{471959F0-2910-4AFB-894A-251E8144833C}.Debug|Any CPU.Build.0 = Debug|Any CPU
		{471959F0-2910-4AFB-894A-251E8144833C}.Release|Any CPU.ActiveCfg = Release|Any CPU
		{471959F0-2910-4AFB-894A-251E8144833C}.Release|Any CPU.Build.0 = Release|Any CPU
	EndGlobalSection
EndGlobal
